// !$*UTF8*$!
{
	archiveVersion = 1;
	classes = {
	};
	objectVersion = 46;
	objects = {

/* Begin PBXBuildFile section */
		5250EF821B2A4CDA003AE7F7 /* main.m in Sources */ = {isa = PBXBuildFile; fileRef = 5250EF811B2A4CDA003AE7F7 /* main.m */; };
		5250EF851B2A4CDA003AE7F7 /* AppDelegate.m in Sources */ = {isa = PBXBuildFile; fileRef = 5250EF841B2A4CDA003AE7F7 /* AppDelegate.m */; };
		5250EF871B2A4CDA003AE7F7 /* Images.xcassets in Resources */ = {isa = PBXBuildFile; fileRef = 5250EF861B2A4CDA003AE7F7 /* Images.xcassets */; };
		5250EF8A1B2A4CDA003AE7F7 /* LaunchScreen.xib in Resources */ = {isa = PBXBuildFile; fileRef = 5250EF881B2A4CDA003AE7F7 /* LaunchScreen.xib */; };
		5250EF961B2A4CDA003AE7F7 /* BlocstagramTests.m in Sources */ = {isa = PBXBuildFile; fileRef = 5250EF951B2A4CDA003AE7F7 /* BlocstagramTests.m */; };
/* End PBXBuildFile section */

/* Begin PBXContainerItemProxy section */
		5250EF901B2A4CDA003AE7F7 /* PBXContainerItemProxy */ = {
			isa = PBXContainerItemProxy;
			containerPortal = 5250EF741B2A4CDA003AE7F7 /* Project object */;
			proxyType = 1;
			remoteGlobalIDString = 5250EF7B1B2A4CDA003AE7F7;
			remoteInfo = Blocstagram;
		};
/* End PBXContainerItemProxy section */

/* Begin PBXFileReference section */
		5250EF7C1B2A4CDA003AE7F7 /* Blocstagram.app */ = {isa = PBXFileReference; explicitFileType = wrapper.application; includeInIndex = 0; path = Blocstagram.app; sourceTree = BUILT_PRODUCTS_DIR; };
		5250EF801B2A4CDA003AE7F7 /* Info.plist */ = {isa = PBXFileReference; lastKnownFileType = text.plist.xml; path = Info.plist; sourceTree = "<group>"; };
		5250EF811B2A4CDA003AE7F7 /* main.m */ = {isa = PBXFileReference; lastKnownFileType = sourcecode.c.objc; path = main.m; sourceTree = "<group>"; };
		5250EF831B2A4CDA003AE7F7 /* AppDelegate.h */ = {isa = PBXFileReference; lastKnownFileType = sourcecode.c.h; path = AppDelegate.h; sourceTree = "<group>"; };
		5250EF841B2A4CDA003AE7F7 /* AppDelegate.m */ = {isa = PBXFileReference; lastKnownFileType = sourcecode.c.objc; path = AppDelegate.m; sourceTree = "<group>"; };
		5250EF861B2A4CDA003AE7F7 /* Images.xcassets */ = {isa = PBXFileReference; lastKnownFileType = folder.assetcatalog; path = Images.xcassets; sourceTree = "<group>"; };
		5250EF891B2A4CDA003AE7F7 /* Base */ = {isa = PBXFileReference; lastKnownFileType = file.xib; name = Base; path = Base.lproj/LaunchScreen.xib; sourceTree = "<group>"; };
		5250EF8F1B2A4CDA003AE7F7 /* BlocstagramTests.xctest */ = {isa = PBXFileReference; explicitFileType = wrapper.cfbundle; includeInIndex = 0; path = BlocstagramTests.xctest; sourceTree = BUILT_PRODUCTS_DIR; };
		5250EF941B2A4CDA003AE7F7 /* Info.plist */ = {isa = PBXFileReference; lastKnownFileType = text.plist.xml; path = Info.plist; sourceTree = "<group>"; };
		5250EF951B2A4CDA003AE7F7 /* BlocstagramTests.m */ = {isa = PBXFileReference; lastKnownFileType = sourcecode.c.objc; path = BlocstagramTests.m; sourceTree = "<group>"; };
/* End PBXFileReference section */

/* Begin PBXFrameworksBuildPhase section */
		5250EF791B2A4CDA003AE7F7 /* Frameworks */ = {
			isa = PBXFrameworksBuildPhase;
			buildActionMask = 2147483647;
			files = (
			);
			runOnlyForDeploymentPostprocessing = 0;
		};
		5250EF8C1B2A4CDA003AE7F7 /* Frameworks */ = {
			isa = PBXFrameworksBuildPhase;
			buildActionMask = 2147483647;
			files = (
			);
			runOnlyForDeploymentPostprocessing = 0;
		};
/* End PBXFrameworksBuildPhase section */

/* Begin PBXGroup section */
		5250EF731B2A4CDA003AE7F7 = {
			isa = PBXGroup;
			children = (
				5250EF7E1B2A4CDA003AE7F7 /* Blocstagram */,
				5250EF921B2A4CDA003AE7F7 /* BlocstagramTests */,
				5250EF7D1B2A4CDA003AE7F7 /* Products */,
			);
			sourceTree = "<group>";
		};
		5250EF7D1B2A4CDA003AE7F7 /* Products */ = {
			isa = PBXGroup;
			children = (
				5250EF7C1B2A4CDA003AE7F7 /* Blocstagram.app */,
				5250EF8F1B2A4CDA003AE7F7 /* BlocstagramTests.xctest */,
			);
			name = Products;
			sourceTree = "<group>";
		};
		5250EF7E1B2A4CDA003AE7F7 /* Blocstagram */ = {
			isa = PBXGroup;
			children = (
				5250EF831B2A4CDA003AE7F7 /* AppDelegate.h */,
				5250EF841B2A4CDA003AE7F7 /* AppDelegate.m */,
				5250EF861B2A4CDA003AE7F7 /* Images.xcassets */,
				5250EF881B2A4CDA003AE7F7 /* LaunchScreen.xib */,
				5250EF7F1B2A4CDA003AE7F7 /* Supporting Files */,
			);
			path = Blocstagram;
			sourceTree = "<group>";
		};
		5250EF7F1B2A4CDA003AE7F7 /* Supporting Files */ = {
			isa = PBXGroup;
			children = (
				5250EF801B2A4CDA003AE7F7 /* Info.plist */,
				5250EF811B2A4CDA003AE7F7 /* main.m */,
			);
			name = "Supporting Files";
			sourceTree = "<group>";
		};
		5250EF921B2A4CDA003AE7F7 /* BlocstagramTests */ = {
			isa = PBXGroup;
			children = (
				5250EF951B2A4CDA003AE7F7 /* BlocstagramTests.m */,
				5250EF931B2A4CDA003AE7F7 /* Supporting Files */,
			);
			path = BlocstagramTests;
			sourceTree = "<group>";
		};
		5250EF931B2A4CDA003AE7F7 /* Supporting Files */ = {
			isa = PBXGroup;
			children = (
				5250EF941B2A4CDA003AE7F7 /* Info.plist */,
			);
			name = "Supporting Files";
			sourceTree = "<group>";
		};
/* End PBXGroup section */

/* Begin PBXNativeTarget section */
		5250EF7B1B2A4CDA003AE7F7 /* Blocstagram */ = {
			isa = PBXNativeTarget;
			buildConfigurationList = 5250EF991B2A4CDA003AE7F7 /* Build configuration list for PBXNativeTarget "Blocstagram" */;
			buildPhases = (
				5250EF781B2A4CDA003AE7F7 /* Sources */,
				5250EF791B2A4CDA003AE7F7 /* Frameworks */,
				5250EF7A1B2A4CDA003AE7F7 /* Resources */,
			);
			buildRules = (
			);
			dependencies = (
			);
			name = Blocstagram;
			productName = Blocstagram;
			productReference = 5250EF7C1B2A4CDA003AE7F7 /* Blocstagram.app */;
			productType = "com.apple.product-type.application";
		};
		5250EF8E1B2A4CDA003AE7F7 /* BlocstagramTests */ = {
			isa = PBXNativeTarget;
			buildConfigurationList = 5250EF9C1B2A4CDA003AE7F7 /* Build configuration list for PBXNativeTarget "BlocstagramTests" */;
			buildPhases = (
				5250EF8B1B2A4CDA003AE7F7 /* Sources */,
				5250EF8C1B2A4CDA003AE7F7 /* Frameworks */,
				5250EF8D1B2A4CDA003AE7F7 /* Resources */,
			);
			buildRules = (
			);
			dependencies = (
				5250EF911B2A4CDA003AE7F7 /* PBXTargetDependency */,
			);
			name = BlocstagramTests;
			productName = BlocstagramTests;
			productReference = 5250EF8F1B2A4CDA003AE7F7 /* BlocstagramTests.xctest */;
			productType = "com.apple.product-type.bundle.unit-test";
		};
/* End PBXNativeTarget section */

/* Begin PBXProject section */
		5250EF741B2A4CDA003AE7F7 /* Project object */ = {
			isa = PBXProject;
			attributes = {
				LastUpgradeCheck = 0630;
				ORGANIZATIONNAME = Blancode;
				TargetAttributes = {
					5250EF7B1B2A4CDA003AE7F7 = {
						CreatedOnToolsVersion = 6.3.1;
					};
					5250EF8E1B2A4CDA003AE7F7 = {
						CreatedOnToolsVersion = 6.3.1;
						TestTargetID = 5250EF7B1B2A4CDA003AE7F7;
					};
				};
			};
			buildConfigurationList = 5250EF771B2A4CDA003AE7F7 /* Build configuration list for PBXProject "Blocstagram" */;
			compatibilityVersion = "Xcode 3.2";
			developmentRegion = English;
			hasScannedForEncodings = 0;
			knownRegions = (
				en,
				Base,
			);
			mainGroup = 5250EF731B2A4CDA003AE7F7;
			productRefGroup = 5250EF7D1B2A4CDA003AE7F7 /* Products */;
			projectDirPath = "";
			projectRoot = "";
			targets = (
				5250EF7B1B2A4CDA003AE7F7 /* Blocstagram */,
				5250EF8E1B2A4CDA003AE7F7 /* BlocstagramTests */,
			);
		};
/* End PBXProject section */

/* Begin PBXResourcesBuildPhase section */
		5250EF7A1B2A4CDA003AE7F7 /* Resources */ = {
			isa = PBXResourcesBuildPhase;
			buildActionMask = 2147483647;
			files = (
				5250EF8A1B2A4CDA003AE7F7 /* LaunchScreen.xib in Resources */,
				5250EF871B2A4CDA003AE7F7 /* Images.xcassets in Resources */,
			);
			runOnlyForDeploymentPostprocessing = 0;
		};
		5250EF8D1B2A4CDA003AE7F7 /* Resources */ = {
			isa = PBXResourcesBuildPhase;
			buildActionMask = 2147483647;
			files = (
			);
			runOnlyForDeploymentPostprocessing = 0;
		};
/* End PBXResourcesBuildPhase section */

/* Begin PBXSourcesBuildPhase section */
		5250EF781B2A4CDA003AE7F7 /* Sources */ = {
			isa = PBXSourcesBuildPhase;
			buildActionMask = 2147483647;
			files = (
				5250EF851B2A4CDA003AE7F7 /* AppDelegate.m in Sources */,
				5250EF821B2A4CDA003AE7F7 /* main.m in Sources */,
			);
			runOnlyForDeploymentPostprocessing = 0;
		};
		5250EF8B1B2A4CDA003AE7F7 /* Sources */ = {
			isa = PBXSourcesBuildPhase;
			buildActionMask = 2147483647;
			files = (
				5250EF961B2A4CDA003AE7F7 /* BlocstagramTests.m in Sources */,
			);
			runOnlyForDeploymentPostprocessing = 0;
		};
/* End PBXSourcesBuildPhase section */

/* Begin PBXTargetDependency section */
		5250EF911B2A4CDA003AE7F7 /* PBXTargetDependency */ = {
			isa = PBXTargetDependency;
			target = 5250EF7B1B2A4CDA003AE7F7 /* Blocstagram */;
			targetProxy = 5250EF901B2A4CDA003AE7F7 /* PBXContainerItemProxy */;
		};
/* End PBXTargetDependency section */

/* Begin PBXVariantGroup section */
		5250EF881B2A4CDA003AE7F7 /* LaunchScreen.xib */ = {
			isa = PBXVariantGroup;
			children = (
				5250EF891B2A4CDA003AE7F7 /* Base */,
			);
			name = LaunchScreen.xib;
			sourceTree = "<group>";
		};
/* End PBXVariantGroup section */

/* Begin XCBuildConfiguration section */
		5250EF971B2A4CDA003AE7F7 /* Debug */ = {
			isa = XCBuildConfiguration;
			buildSettings = {
				ALWAYS_SEARCH_USER_PATHS = NO;
				CLANG_CXX_LANGUAGE_STANDARD = "gnu++0x";
				CLANG_CXX_LIBRARY = "libc++";
				CLANG_ENABLE_MODULES = YES;
				CLANG_ENABLE_OBJC_ARC = YES;
				CLANG_WARN_BOOL_CONVERSION = YES;
				CLANG_WARN_CONSTANT_CONVERSION = YES;
				CLANG_WARN_DIRECT_OBJC_ISA_USAGE = YES_ERROR;
				CLANG_WARN_EMPTY_BODY = YES;
				CLANG_WARN_ENUM_CONVERSION = YES;
				CLANG_WARN_INT_CONVERSION = YES;
				CLANG_WARN_OBJC_ROOT_CLASS = YES_ERROR;
				CLANG_WARN_UNREACHABLE_CODE = YES;
				CLANG_WARN__DUPLICATE_METHOD_MATCH = YES;
				"CODE_SIGN_IDENTITY[sdk=iphoneos*]" = "iPhone Developer";
				COPY_PHASE_STRIP = NO;
				DEBUG_INFORMATION_FORMAT = "dwarf-with-dsym";
				ENABLE_STRICT_OBJC_MSGSEND = YES;
				GCC_C_LANGUAGE_STANDARD = gnu99;
				GCC_DYNAMIC_NO_PIC = NO;
				GCC_NO_COMMON_BLOCKS = YES;
				GCC_OPTIMIZATION_LEVEL = 0;
				GCC_PREPROCESSOR_DEFINITIONS = (
					"DEBUG=1",
					"$(inherited)",
				);
				GCC_SYMBOLS_PRIVATE_EXTERN = NO;
				GCC_WARN_64_TO_32_BIT_CONVERSION = YES;
				GCC_WARN_ABOUT_RETURN_TYPE = YES_ERROR;
				GCC_WARN_UNDECLARED_SELECTOR = YES;
				GCC_WARN_UNINITIALIZED_AUTOS = YES_AGGRESSIVE;
				GCC_WARN_UNUSED_FUNCTION = YES;
				GCC_WARN_UNUSED_VARIABLE = YES;
				IPHONEOS_DEPLOYMENT_TARGET = 8.3;
				MTL_ENABLE_DEBUG_INFO = YES;
				ONLY_ACTIVE_ARCH = YES;
				SDKROOT = iphoneos;
				TARGETED_DEVICE_FAMILY = "1,2";
			};
			name = Debug;
		};
		5250EF981B2A4CDA003AE7F7 /* Release */ = {
			isa = XCBuildConfiguration;
			buildSettings = {
				ALWAYS_SEARCH_USER_PATHS = NO;
				CLANG_CXX_LANGUAGE_STANDARD = "gnu++0x";
				CLANG_CXX_LIBRARY = "libc++";
				CLANG_ENABLE_MODULES = YES;
				CLANG_ENABLE_OBJC_ARC = YES;
				CLANG_WARN_BOOL_CONVERSION = YES;
				CLANG_WARN_CONSTANT_CONVERSION = YES;
				CLANG_WARN_DIRECT_OBJC_ISA_USAGE = YES_ERROR;
				CLANG_WARN_EMPTY_BODY = YES;
				CLANG_WARN_ENUM_CONVERSION = YES;
				CLANG_WARN_INT_CONVERSION = YES;
				CLANG_WARN_OBJC_ROOT_CLASS = YES_ERROR;
				CLANG_WARN_UNREACHABLE_CODE = YES;
				CLANG_WARN__DUPLICATE_METHOD_MATCH = YES;
				"CODE_SIGN_IDENTITY[sdk=iphoneos*]" = "iPhone Developer";
				COPY_PHASE_STRIP = NO;
				DEBUG_INFORMATION_FORMAT = "dwarf-with-dsym";
				ENABLE_NS_ASSERTIONS = NO;
				ENABLE_STRICT_OBJC_MSGSEND = YES;
				GCC_C_LANGUAGE_STANDARD = gnu99;
				GCC_NO_COMMON_BLOCKS = YES;
				GCC_WARN_64_TO_32_BIT_CONVERSION = YES;
				GCC_WARN_ABOUT_RETURN_TYPE = YES_ERROR;
				GCC_WARN_UNDECLARED_SELECTOR = YES;
				GCC_WARN_UNINITIALIZED_AUTOS = YES_AGGRESSIVE;
				GCC_WARN_UNUSED_FUNCTION = YES;
				GCC_WARN_UNUSED_VARIABLE = YES;
				IPHONEOS_DEPLOYMENT_TARGET = 8.3;
				MTL_ENABLE_DEBUG_INFO = NO;
				SDKROOT = iphoneos;
				TARGETED_DEVICE_FAMILY = "1,2";
				VALIDATE_PRODUCT = YES;
			};
			name = Release;
		};
		5250EF9A1B2A4CDA003AE7F7 /* Debug */ = {
			isa = XCBuildConfiguration;
			buildSettings = {
				ASSETCATALOG_COMPILER_APPICON_NAME = AppIcon;
				INFOPLIST_FILE = Blocstagram/Info.plist;
				LD_RUNPATH_SEARCH_PATHS = "$(inherited) @executable_path/Frameworks";
				PRODUCT_NAME = "$(TARGET_NAME)";
			};
			name = Debug;
		};
		5250EF9B1B2A4CDA003AE7F7 /* Release */ = {
			isa = XCBuildConfiguration;
			buildSettings = {
				ASSETCATALOG_COMPILER_APPICON_NAME = AppIcon;
				INFOPLIST_FILE = Blocstagram/Info.plist;
				LD_RUNPATH_SEARCH_PATHS = "$(inherited) @executable_path/Frameworks";
				PRODUCT_NAME = "$(TARGET_NAME)";
			};
			name = Release;
		};
		5250EF9D1B2A4CDA003AE7F7 /* Debug */ = {
			isa = XCBuildConfiguration;
			buildSettings = {
				BUNDLE_LOADER = "$(TEST_HOST)";
				FRAMEWORK_SEARCH_PATHS = (
					"$(SDKROOT)/Developer/Library/Frameworks",
					"$(inherited)",
				);
				GCC_PREPROCESSOR_DEFINITIONS = (
					"DEBUG=1",
					"$(inherited)",
				);
				INFOPLIST_FILE = BlocstagramTests/Info.plist;
				LD_RUNPATH_SEARCH_PATHS = "$(inherited) @executable_path/Frameworks @loader_path/Frameworks";
				PRODUCT_NAME = "$(TARGET_NAME)";
				TEST_HOST = "$(BUILT_PRODUCTS_DIR)/Blocstagram.app/Blocstagram";
			};
			name = Debug;
		};
		5250EF9E1B2A4CDA003AE7F7 /* Release */ = {
			isa = XCBuildConfiguration;
			buildSettings = {
				BUNDLE_LOADER = "$(TEST_HOST)";
				FRAMEWORK_SEARCH_PATHS = (
					"$(SDKROOT)/Developer/Library/Frameworks",
					"$(inherited)",
				);
				INFOPLIST_FILE = BlocstagramTests/Info.plist;
				LD_RUNPATH_SEARCH_PATHS = "$(inherited) @executable_path/Frameworks @loader_path/Frameworks";
				PRODUCT_NAME = "$(TARGET_NAME)";
				TEST_HOST = "$(BUILT_PRODUCTS_DIR)/Blocstagram.app/Blocstagram";
			};
			name = Release;
		};
/* End XCBuildConfiguration section */

/* Begin XCConfigurationList section */
		5250EF771B2A4CDA003AE7F7 /* Build configuration list for PBXProject "Blocstagram" */ = {
			isa = XCConfigurationList;
			buildConfigurations = (
				5250EF971B2A4CDA003AE7F7 /* Debug */,
				5250EF981B2A4CDA003AE7F7 /* Release */,
			);
			defaultConfigurationIsVisible = 0;
			defaultConfigurationName = Release;
		};
		5250EF991B2A4CDA003AE7F7 /* Build configuration list for PBXNativeTarget "Blocstagram" */ = {
			isa = XCConfigurationList;
			buildConfigurations = (
				5250EF9A1B2A4CDA003AE7F7 /* Debug */,
				5250EF9B1B2A4CDA003AE7F7 /* Release */,
			);
			defaultConfigurationIsVisible = 0;
		};
		5250EF9C1B2A4CDA003AE7F7 /* Build configuration list for PBXNativeTarget "BlocstagramTests" */ = {
			isa = XCConfigurationList;
			buildConfigurations = (
				5250EF9D1B2A4CDA003AE7F7 /* Debug */,
				5250EF9E1B2A4CDA003AE7F7 /* Release */,
			);
			defaultConfigurationIsVisible = 0;
		};
/* End XCConfigurationList section */
	};
	rootObject = 5250EF741B2A4CDA003AE7F7 /* Project object */;
}
